memo = "4e970f12e37d68518ee8313acbe7ebed178948a97a793ab67d4b8a8155bcb7d1"

[[projects]]
  name = "github.com/davecgh/go-spew"
  packages = ["spew"]
  revision = "346938d642f2ec3594ed81d874461961cd0faa76"
  version = "v1.1.0"

[[projects]]
  branch = "master"
  name = "github.com/golang/snappy"
  packages = ["."]
  revision = "d7b1e156f50d3c4664f683603af70e3e47fa0aa2"

[[projects]]
  branch = "master"
  name = "github.com/griffin-stewie/go-chatwork"
  packages = ["."]
  revision = "0bc2f98bf712a8302870512fdfc8ea3e18d18f32"

[[projects]]
  branch = "master"
  name = "github.com/joho/godotenv"
  packages = ["."]
  revision = "4ed13390c0acd2ff4e371e64d8b97c8954138243"

[[projects]]
  branch = "master"
  name = "github.com/nlopes/slack"
  packages = ["."]
  revision = "e337a7316d3fe9aa55b7063035d6d32f3dbcaeb9"

[[projects]]
  name = "github.com/pmezard/go-difflib"
  packages = ["difflib"]
  revision = "792786c7400a136282c1664665ae0a8db921c6c2"
  version = "v1.0.0"

[[projects]]
  branch = "master"
  name = "github.com/stretchr/testify"
  packages = ["assert"]
  revision = "6cb3b85ef5a0efef77caef88363ec4d4b5c0976d"

[[projects]]
  branch = "master"
  name = "github.com/syndtr/goleveldb"
  packages = ["leveldb","leveldb/cache","leveldb/comparer","leveldb/errors","leveldb/filter","leveldb/iterator","leveldb/journal","leveldb/memdb","leveldb/opt","leveldb/storage","leveldb/table","leveldb/util"]
  revision = "cfa635847112c5dc4782e128fa7e0d05fdbfb394"

[[projects]]
  branch = "master"
  name = "golang.org/x/net"
  packages = ["websocket"]
  revision = "76e74a336561c500a376b406eb649727eeb3477f"

[[projects]]
  branch = "v2"
  name = "gopkg.in/yaml.v2"
  packages = ["."]
  revision = "a83829b6f1293c91addabc89d0571c246397bbf4"
